// !$*UTF8*$!
{
	archiveVersion = 1;
	classes = {
	};
	objectVersion = 48;
	objects = {

/* Begin PBXBuildFile section */
		155940701FD14EAF00EFBDCD /* Keyable.swift in Sources */ = {isa = PBXBuildFile; fileRef = 1559406F1FD14EAF00EFBDCD /* Keyable.swift */; };
		155940741FD1647100EFBDCD /* Enums.swift in Sources */ = {isa = PBXBuildFile; fileRef = 155940731FD1647100EFBDCD /* Enums.swift */; };
		15697DB61FCFF6B100138108 /* HashNode.swift in Sources */ = {isa = PBXBuildFile; fileRef = 15697DB51FCFF6B100138108 /* HashNode.swift */; };
		15697DB81FCFF6DA00138108 /* HashTable.swift in Sources */ = {isa = PBXBuildFile; fileRef = 15697DB71FCFF6DA00138108 /* HashTable.swift */; };
		15697DBA1FCFF8C100138108 /* String.swift in Sources */ = {isa = PBXBuildFile; fileRef = 15697DB91FCFF8C100138108 /* String.swift */; };
		15697DBC1FD003F500138108 /* HashTest.swift in Sources */ = {isa = PBXBuildFile; fileRef = 15697DBB1FD003F500138108 /* HashTest.swift */; };
		15697DBE1FD0046700138108 /* Double+Keyable.swift in Sources */ = {isa = PBXBuildFile; fileRef = 15697DBD1FD0046700138108 /* Double+Keyable.swift */; };
		159F83AB1FC82607006D1845 /* LinkedList.swift in Sources */ = {isa = PBXBuildFile; fileRef = 159F83AA1FC82607006D1845 /* LinkedList.swift */; };
		182C113A1FCF16B9001B462A /* Vertex.swift in Sources */ = {isa = PBXBuildFile; fileRef = 182C11391FCF16B9001B462A /* Vertex.swift */; };
		182C113C1FCF1737001B462A /* Edge.swift in Sources */ = {isa = PBXBuildFile; fileRef = 182C113B1FCF1737001B462A /* Edge.swift */; };
		182C113F1FCF177D001B462A /* Graph.swift in Sources */ = {isa = PBXBuildFile; fileRef = 182C113E1FCF177D001B462A /* Graph.swift */; };
		182C11411FCF1B18001B462A /* Path.swift in Sources */ = {isa = PBXBuildFile; fileRef = 182C11401FCF1B18001B462A /* Path.swift */; };
		182C11431FCF25DB001B462A /* PathHeap.swift in Sources */ = {isa = PBXBuildFile; fileRef = 182C11421FCF25DB001B462A /* PathHeap.swift */; };
		182C11451FCF39CD001B462A /* Heap.swift in Sources */ = {isa = PBXBuildFile; fileRef = 182C11441FCF39CD001B462A /* Heap.swift */; };
		182C114A1FCF3BB1001B462A /* GraphTest.swift in Sources */ = {isa = PBXBuildFile; fileRef = 182C11481FCF3B8B001B462A /* GraphTest.swift */; };
		1836F8791FCC9BDA00794C9D /* BSTest.swift in Sources */ = {isa = PBXBuildFile; fileRef = 1836F8781FCC9BDA00794C9D /* BSTest.swift */; };
		1843B24D1FD1383900E9C7E3 /* PrincetonCoursera.framework in Frameworks */ = {isa = PBXBuildFile; fileRef = 1843B2461FD1383900E9C7E3 /* PrincetonCoursera.framework */; };
		1843B24E1FD1383900E9C7E3 /* PrincetonCoursera.framework in Embed Frameworks */ = {isa = PBXBuildFile; fileRef = 1843B2461FD1383900E9C7E3 /* PrincetonCoursera.framework */; settings = {ATTRIBUTES = (CodeSignOnCopy, RemoveHeadersOnCopy, ); }; };
		1843B2541FD1385A00E9C7E3 /* QuickSort.swift in Sources */ = {isa = PBXBuildFile; fileRef = 1843B2531FD1385A00E9C7E3 /* QuickSort.swift */; };
		1843B2561FD1387600E9C7E3 /* SortTest.swift in Sources */ = {isa = PBXBuildFile; fileRef = 1843B2551FD1387600E9C7E3 /* SortTest.swift */; };
		1843B2581FD13DE800E9C7E3 /* SortPrincetonTest.swift in Sources */ = {isa = PBXBuildFile; fileRef = 1843B2571FD13DE800E9C7E3 /* SortPrincetonTest.swift */; };
		1843B25D1FD13F1800E9C7E3 /* Sortable.swift in Sources */ = {isa = PBXBuildFile; fileRef = 1843B25C1FD13F1800E9C7E3 /* Sortable.swift */; };
		18555E591FC6063900C2293C /* AppDelegate.swift in Sources */ = {isa = PBXBuildFile; fileRef = 18555E581FC6063900C2293C /* AppDelegate.swift */; };
		18555E5B1FC6063900C2293C /* ViewController.swift in Sources */ = {isa = PBXBuildFile; fileRef = 18555E5A1FC6063900C2293C /* ViewController.swift */; };
		18555E5E1FC6063900C2293C /* Main.storyboard in Resources */ = {isa = PBXBuildFile; fileRef = 18555E5C1FC6063900C2293C /* Main.storyboard */; };
		18555E601FC6063900C2293C /* Assets.xcassets in Resources */ = {isa = PBXBuildFile; fileRef = 18555E5F1FC6063900C2293C /* Assets.xcassets */; };
		18555E631FC6063900C2293C /* LaunchScreen.storyboard in Resources */ = {isa = PBXBuildFile; fileRef = 18555E611FC6063900C2293C /* LaunchScreen.storyboard */; };
		1887609F1FC88B5900567042 /* Trie.swift in Sources */ = {isa = PBXBuildFile; fileRef = 1887609E1FC88B5900567042 /* Trie.swift */; };
		188760A11FC894FB00567042 /* TrieNode.swift in Sources */ = {isa = PBXBuildFile; fileRef = 188760A01FC894FB00567042 /* TrieNode.swift */; };
		188760B11FC8965100567042 /* TrieTest.swift in Sources */ = {isa = PBXBuildFile; fileRef = 188760B01FC8965100567042 /* TrieTest.swift */; };
		188760B31FC8984200567042 /* LinkedListTest.swift in Sources */ = {isa = PBXBuildFile; fileRef = 188760B21FC8984200567042 /* LinkedListTest.swift */; };
		18902B691FD1BA1E006830A5 /* Array.swift in Sources */ = {isa = PBXBuildFile; fileRef = 18902B681FD1BA1E006830A5 /* Array.swift */; };
		18902B7A1FD2AB79006830A5 /* RayAlgorithmsClub.framework in Frameworks */ = {isa = PBXBuildFile; fileRef = 18902B731FD2AB79006830A5 /* RayAlgorithmsClub.framework */; };
		18902B7B1FD2AB79006830A5 /* RayAlgorithmsClub.framework in Embed Frameworks */ = {isa = PBXBuildFile; fileRef = 18902B731FD2AB79006830A5 /* RayAlgorithmsClub.framework */; settings = {ATTRIBUTES = (CodeSignOnCopy, RemoveHeadersOnCopy, ); }; };
		18902B801FD2AB8E006830A5 /* Quicksort.swift in Sources */ = {isa = PBXBuildFile; fileRef = 18902B7F1FD2AB8E006830A5 /* Quicksort.swift */; };
		18902B821FD2ACBB006830A5 /* SortRayTest.swift in Sources */ = {isa = PBXBuildFile; fileRef = 18902B811FD2ACBB006830A5 /* SortRayTest.swift */; };
		18AA03401FD3E2CC00B0E0BD /* LLNode.swift in Sources */ = {isa = PBXBuildFile; fileRef = 18AA033F1FD3E2CC00B0E0BD /* LLNode.swift */; };
		18AA03411FD3E50600B0E0BD /* QueuePrinceton.swift in Sources */ = {isa = PBXBuildFile; fileRef = 18B2AC3A1FCAB60600ECFF31 /* QueuePrinceton.swift */; };
		18AA03431FD3E52800B0E0BD /* Node.swift in Sources */ = {isa = PBXBuildFile; fileRef = 18AA03421FD3E52800B0E0BD /* Node.swift */; };
		18AA03441FD3E5AD00B0E0BD /* StackLinkedList.swift in Sources */ = {isa = PBXBuildFile; fileRef = 18B2AC291FC955DC00ECFF31 /* StackLinkedList.swift */; };
		18B2AC2D1FCAA5D700ECFF31 /* Queue.swift in Sources */ = {isa = PBXBuildFile; fileRef = 18B2AC2C1FCAA5D700ECFF31 /* Queue.swift */; };
		18B2AC301FCAA9CE00ECFF31 /* Stack.swift in Sources */ = {isa = PBXBuildFile; fileRef = 18B2AC2F1FCAA9CE00ECFF31 /* Stack.swift */; };
		18B2AC321FCAAE2F00ECFF31 /* StackTest.swift in Sources */ = {isa = PBXBuildFile; fileRef = 18B2AC311FCAAE2F00ECFF31 /* StackTest.swift */; };
		18B2AC341FCAAFFE00ECFF31 /* StackTestBishop.swift in Sources */ = {isa = PBXBuildFile; fileRef = 18B2AC331FCAAFFE00ECFF31 /* StackTestBishop.swift */; };
		18B2AC391FCAB50E00ECFF31 /* QueueTest.swift in Sources */ = {isa = PBXBuildFile; fileRef = 18B2AC381FCAB50E00ECFF31 /* QueueTest.swift */; };
		18B2AC3F1FCAB9B200ECFF31 /* QueueTestSAC.swift in Sources */ = {isa = PBXBuildFile; fileRef = 18B2AC3E1FCAB9B200ECFF31 /* QueueTestSAC.swift */; };
		18C55D3A1FCBEBB300870A51 /* BSNode.swift in Sources */ = {isa = PBXBuildFile; fileRef = 18C55D391FCBEBB300870A51 /* BSNode.swift */; };
		18C55D3C1FCBECC700870A51 /* BSTree.swift in Sources */ = {isa = PBXBuildFile; fileRef = 18C55D3B1FCBECC700870A51 /* BSTree.swift */; };
/* End PBXBuildFile section */

/* Begin PBXContainerItemProxy section */
		1843B24B1FD1383900E9C7E3 /* PBXContainerItemProxy */ = {
			isa = PBXContainerItemProxy;
			containerPortal = 18555E4D1FC6063900C2293C /* Project object */;
			proxyType = 1;
			remoteGlobalIDString = 1843B2451FD1383900E9C7E3;
			remoteInfo = PrincetonCoursera;
		};
		188760AB1FC8962900567042 /* PBXContainerItemProxy */ = {
			isa = PBXContainerItemProxy;
			containerPortal = 18555E4D1FC6063900C2293C /* Project object */;
			proxyType = 1;
			remoteGlobalIDString = 18555E541FC6063900C2293C;
			remoteInfo = SwiftAlgoStructs;
		};
		18902B781FD2AB79006830A5 /* PBXContainerItemProxy */ = {
			isa = PBXContainerItemProxy;
			containerPortal = 18555E4D1FC6063900C2293C /* Project object */;
			proxyType = 1;
			remoteGlobalIDString = 18902B721FD2AB79006830A5;
			remoteInfo = RayAlgorithmsClub;
		};
/* End PBXContainerItemProxy section */

/* Begin PBXCopyFilesBuildPhase section */
		1843B2521FD1383900E9C7E3 /* Embed Frameworks */ = {
			isa = PBXCopyFilesBuildPhase;
			buildActionMask = 2147483647;
			dstPath = "";
			dstSubfolderSpec = 10;
			files = (
				1843B24E1FD1383900E9C7E3 /* PrincetonCoursera.framework in Embed Frameworks */,
				18902B7B1FD2AB79006830A5 /* RayAlgorithmsClub.framework in Embed Frameworks */,
			);
			name = "Embed Frameworks";
			runOnlyForDeploymentPostprocessing = 0;
		};
/* End PBXCopyFilesBuildPhase section */

/* Begin PBXFileReference section */
		1559406F1FD14EAF00EFBDCD /* Keyable.swift */ = {isa = PBXFileReference; lastKnownFileType = sourcecode.swift; path = Keyable.swift; sourceTree = "<group>"; };
		155940731FD1647100EFBDCD /* Enums.swift */ = {isa = PBXFileReference; lastKnownFileType = sourcecode.swift; path = Enums.swift; sourceTree = "<group>"; };
		15697DB51FCFF6B100138108 /* HashNode.swift */ = {isa = PBXFileReference; lastKnownFileType = sourcecode.swift; path = HashNode.swift; sourceTree = "<group>"; };
		15697DB71FCFF6DA00138108 /* HashTable.swift */ = {isa = PBXFileReference; lastKnownFileType = sourcecode.swift; path = HashTable.swift; sourceTree = "<group>"; };
		15697DB91FCFF8C100138108 /* String.swift */ = {isa = PBXFileReference; lastKnownFileType = sourcecode.swift; path = String.swift; sourceTree = "<group>"; };
		15697DBB1FD003F500138108 /* HashTest.swift */ = {isa = PBXFileReference; lastKnownFileType = sourcecode.swift; path = HashTest.swift; sourceTree = "<group>"; };
		15697DBD1FD0046700138108 /* Double+Keyable.swift */ = {isa = PBXFileReference; lastKnownFileType = sourcecode.swift; path = "Double+Keyable.swift"; sourceTree = "<group>"; };
		159F83AA1FC82607006D1845 /* LinkedList.swift */ = {isa = PBXFileReference; lastKnownFileType = sourcecode.swift; path = LinkedList.swift; sourceTree = "<group>"; };
		182C11391FCF16B9001B462A /* Vertex.swift */ = {isa = PBXFileReference; lastKnownFileType = sourcecode.swift; path = Vertex.swift; sourceTree = "<group>"; };
		182C113B1FCF1737001B462A /* Edge.swift */ = {isa = PBXFileReference; lastKnownFileType = sourcecode.swift; path = Edge.swift; sourceTree = "<group>"; };
		182C113E1FCF177D001B462A /* Graph.swift */ = {isa = PBXFileReference; lastKnownFileType = sourcecode.swift; path = Graph.swift; sourceTree = "<group>"; };
		182C11401FCF1B18001B462A /* Path.swift */ = {isa = PBXFileReference; lastKnownFileType = sourcecode.swift; path = Path.swift; sourceTree = "<group>"; };
		182C11421FCF25DB001B462A /* PathHeap.swift */ = {isa = PBXFileReference; lastKnownFileType = sourcecode.swift; path = PathHeap.swift; sourceTree = "<group>"; };
		182C11441FCF39CD001B462A /* Heap.swift */ = {isa = PBXFileReference; lastKnownFileType = sourcecode.swift; path = Heap.swift; sourceTree = "<group>"; };
		182C11481FCF3B8B001B462A /* GraphTest.swift */ = {isa = PBXFileReference; lastKnownFileType = sourcecode.swift; path = GraphTest.swift; sourceTree = "<group>"; };
		1836F8781FCC9BDA00794C9D /* BSTest.swift */ = {isa = PBXFileReference; lastKnownFileType = sourcecode.swift; path = BSTest.swift; sourceTree = "<group>"; };
		1843B2461FD1383900E9C7E3 /* PrincetonCoursera.framework */ = {isa = PBXFileReference; explicitFileType = wrapper.framework; includeInIndex = 0; path = PrincetonCoursera.framework; sourceTree = BUILT_PRODUCTS_DIR; };
		1843B2491FD1383900E9C7E3 /* Info.plist */ = {isa = PBXFileReference; lastKnownFileType = text.plist.xml; path = Info.plist; sourceTree = "<group>"; };
		1843B2531FD1385A00E9C7E3 /* QuickSort.swift */ = {isa = PBXFileReference; lastKnownFileType = sourcecode.swift; path = QuickSort.swift; sourceTree = "<group>"; };
		1843B2551FD1387600E9C7E3 /* SortTest.swift */ = {isa = PBXFileReference; lastKnownFileType = sourcecode.swift; path = SortTest.swift; sourceTree = "<group>"; };
		1843B2571FD13DE800E9C7E3 /* SortPrincetonTest.swift */ = {isa = PBXFileReference; lastKnownFileType = sourcecode.swift; path = SortPrincetonTest.swift; sourceTree = "<group>"; };
		1843B25C1FD13F1800E9C7E3 /* Sortable.swift */ = {isa = PBXFileReference; lastKnownFileType = sourcecode.swift; path = Sortable.swift; sourceTree = "<group>"; };
		18555E551FC6063900C2293C /* SwiftAlgoStructs.app */ = {isa = PBXFileReference; explicitFileType = wrapper.application; includeInIndex = 0; path = SwiftAlgoStructs.app; sourceTree = BUILT_PRODUCTS_DIR; };
		18555E581FC6063900C2293C /* AppDelegate.swift */ = {isa = PBXFileReference; lastKnownFileType = sourcecode.swift; path = AppDelegate.swift; sourceTree = "<group>"; };
		18555E5A1FC6063900C2293C /* ViewController.swift */ = {isa = PBXFileReference; lastKnownFileType = sourcecode.swift; path = ViewController.swift; sourceTree = "<group>"; };
		18555E5D1FC6063900C2293C /* Base */ = {isa = PBXFileReference; lastKnownFileType = file.storyboard; name = Base; path = Base.lproj/Main.storyboard; sourceTree = "<group>"; };
		18555E5F1FC6063900C2293C /* Assets.xcassets */ = {isa = PBXFileReference; lastKnownFileType = folder.assetcatalog; path = Assets.xcassets; sourceTree = "<group>"; };
		18555E621FC6063900C2293C /* Base */ = {isa = PBXFileReference; lastKnownFileType = file.storyboard; name = Base; path = Base.lproj/LaunchScreen.storyboard; sourceTree = "<group>"; };
		18555E641FC6063900C2293C /* Info.plist */ = {isa = PBXFileReference; lastKnownFileType = text.plist.xml; path = Info.plist; sourceTree = "<group>"; };
		1887609E1FC88B5900567042 /* Trie.swift */ = {isa = PBXFileReference; lastKnownFileType = sourcecode.swift; path = Trie.swift; sourceTree = "<group>"; };
		188760A01FC894FB00567042 /* TrieNode.swift */ = {isa = PBXFileReference; lastKnownFileType = sourcecode.swift; path = TrieNode.swift; sourceTree = "<group>"; };
		188760A61FC8962900567042 /* SwiftAlgoStructsTests.xctest */ = {isa = PBXFileReference; explicitFileType = wrapper.cfbundle; includeInIndex = 0; path = SwiftAlgoStructsTests.xctest; sourceTree = BUILT_PRODUCTS_DIR; };
		188760AA1FC8962900567042 /* Info.plist */ = {isa = PBXFileReference; lastKnownFileType = text.plist.xml; path = Info.plist; sourceTree = "<group>"; };
		188760B01FC8965100567042 /* TrieTest.swift */ = {isa = PBXFileReference; lastKnownFileType = sourcecode.swift; path = TrieTest.swift; sourceTree = "<group>"; };
		188760B21FC8984200567042 /* LinkedListTest.swift */ = {isa = PBXFileReference; lastKnownFileType = sourcecode.swift; path = LinkedListTest.swift; sourceTree = "<group>"; };
		18902B681FD1BA1E006830A5 /* Array.swift */ = {isa = PBXFileReference; lastKnownFileType = sourcecode.swift; path = Array.swift; sourceTree = "<group>"; };
		18902B731FD2AB79006830A5 /* RayAlgorithmsClub.framework */ = {isa = PBXFileReference; explicitFileType = wrapper.framework; includeInIndex = 0; path = RayAlgorithmsClub.framework; sourceTree = BUILT_PRODUCTS_DIR; };
		18902B761FD2AB79006830A5 /* Info.plist */ = {isa = PBXFileReference; lastKnownFileType = text.plist.xml; path = Info.plist; sourceTree = "<group>"; };
		18902B7F1FD2AB8E006830A5 /* Quicksort.swift */ = {isa = PBXFileReference; lastKnownFileType = sourcecode.swift; path = Quicksort.swift; sourceTree = "<group>"; };
		18902B811FD2ACBB006830A5 /* SortRayTest.swift */ = {isa = PBXFileReference; lastKnownFileType = sourcecode.swift; path = SortRayTest.swift; sourceTree = "<group>"; };
		18AA033F1FD3E2CC00B0E0BD /* LLNode.swift */ = {isa = PBXFileReference; lastKnownFileType = sourcecode.swift; path = LLNode.swift; sourceTree = "<group>"; };
		18AA03421FD3E52800B0E0BD /* Node.swift */ = {isa = PBXFileReference; lastKnownFileType = sourcecode.swift; path = Node.swift; sourceTree = "<group>"; };
		18B2AC291FC955DC00ECFF31 /* StackLinkedList.swift */ = {isa = PBXFileReference; lastKnownFileType = sourcecode.swift; path = StackLinkedList.swift; sourceTree = "<group>"; };
		18B2AC2C1FCAA5D700ECFF31 /* Queue.swift */ = {isa = PBXFileReference; lastKnownFileType = sourcecode.swift; path = Queue.swift; sourceTree = "<group>"; };
		18B2AC2F1FCAA9CE00ECFF31 /* Stack.swift */ = {isa = PBXFileReference; lastKnownFileType = sourcecode.swift; path = Stack.swift; sourceTree = "<group>"; };
		18B2AC311FCAAE2F00ECFF31 /* StackTest.swift */ = {isa = PBXFileReference; lastKnownFileType = sourcecode.swift; path = StackTest.swift; sourceTree = "<group>"; };
		18B2AC331FCAAFFE00ECFF31 /* StackTestBishop.swift */ = {isa = PBXFileReference; lastKnownFileType = sourcecode.swift; path = StackTestBishop.swift; sourceTree = "<group>"; };
		18B2AC381FCAB50E00ECFF31 /* QueueTest.swift */ = {isa = PBXFileReference; lastKnownFileType = sourcecode.swift; path = QueueTest.swift; sourceTree = "<group>"; };
		18B2AC3A1FCAB60600ECFF31 /* QueuePrinceton.swift */ = {isa = PBXFileReference; lastKnownFileType = sourcecode.swift; path = QueuePrinceton.swift; sourceTree = "<group>"; };
		18B2AC3E1FCAB9B200ECFF31 /* QueueTestSAC.swift */ = {isa = PBXFileReference; lastKnownFileType = sourcecode.swift; path = QueueTestSAC.swift; sourceTree = "<group>"; };
		18C55D391FCBEBB300870A51 /* BSNode.swift */ = {isa = PBXFileReference; lastKnownFileType = sourcecode.swift; path = BSNode.swift; sourceTree = "<group>"; };
		18C55D3B1FCBECC700870A51 /* BSTree.swift */ = {isa = PBXFileReference; lastKnownFileType = sourcecode.swift; path = BSTree.swift; sourceTree = "<group>"; };
/* End PBXFileReference section */

/* Begin PBXFrameworksBuildPhase section */
		1843B2421FD1383900E9C7E3 /* Frameworks */ = {
			isa = PBXFrameworksBuildPhase;
			buildActionMask = 2147483647;
			files = (
			);
			runOnlyForDeploymentPostprocessing = 0;
		};
		18555E521FC6063900C2293C /* Frameworks */ = {
			isa = PBXFrameworksBuildPhase;
			buildActionMask = 2147483647;
			files = (
				1843B24D1FD1383900E9C7E3 /* PrincetonCoursera.framework in Frameworks */,
				18902B7A1FD2AB79006830A5 /* RayAlgorithmsClub.framework in Frameworks */,
			);
			runOnlyForDeploymentPostprocessing = 0;
		};
		188760A31FC8962900567042 /* Frameworks */ = {
			isa = PBXFrameworksBuildPhase;
			buildActionMask = 2147483647;
			files = (
			);
			runOnlyForDeploymentPostprocessing = 0;
		};
		18902B6F1FD2AB79006830A5 /* Frameworks */ = {
			isa = PBXFrameworksBuildPhase;
			buildActionMask = 2147483647;
			files = (
			);
			runOnlyForDeploymentPostprocessing = 0;
		};
/* End PBXFrameworksBuildPhase section */

/* Begin PBXGroup section */
		1559406E1FD14E9800EFBDCD /* Extensions */ = {
			isa = PBXGroup;
			children = (
				15697DBD1FD0046700138108 /* Double+Keyable.swift */,
				15697DB91FCFF8C100138108 /* String.swift */,
				18902B681FD1BA1E006830A5 /* Array.swift */,
			);
			path = Extensions;
			sourceTree = "<group>";
		};
		155940711FD14ECD00EFBDCD /* Protocols */ = {
			isa = PBXGroup;
			children = (
				1559406F1FD14EAF00EFBDCD /* Keyable.swift */,
			);
			path = Protocols;
			sourceTree = "<group>";
		};
		155940721FD14EEF00EFBDCD /* HashTable */ = {
			isa = PBXGroup;
			children = (
				15697DB51FCFF6B100138108 /* HashNode.swift */,
				15697DB71FCFF6DA00138108 /* HashTable.swift */,
			);
			path = HashTable;
			sourceTree = "<group>";
		};
		182C113D1FCF1759001B462A /* Graph */ = {
			isa = PBXGroup;
			children = (
				182C11391FCF16B9001B462A /* Vertex.swift */,
				182C113B1FCF1737001B462A /* Edge.swift */,
				182C11401FCF1B18001B462A /* Path.swift */,
				182C11421FCF25DB001B462A /* PathHeap.swift */,
				182C11441FCF39CD001B462A /* Heap.swift */,
				182C113E1FCF177D001B462A /* Graph.swift */,
			);
			path = Graph;
			sourceTree = "<group>";
		};
		1836F8771FCBFA4F00794C9D /* BST */ = {
			isa = PBXGroup;
			children = (
				18C55D391FCBEBB300870A51 /* BSNode.swift */,
				18C55D3B1FCBECC700870A51 /* BSTree.swift */,
			);
			path = BST;
			sourceTree = "<group>";
		};
		1843B2471FD1383900E9C7E3 /* PrincetonCoursera */ = {
			isa = PBXGroup;
			children = (
				18B2AC291FC955DC00ECFF31 /* StackLinkedList.swift */,
				18B2AC3A1FCAB60600ECFF31 /* QueuePrinceton.swift */,
				1843B2531FD1385A00E9C7E3 /* QuickSort.swift */,
				1843B2491FD1383900E9C7E3 /* Info.plist */,
			);
			path = PrincetonCoursera;
			sourceTree = "<group>";
		};
		18555E4C1FC6063900C2293C = {
			isa = PBXGroup;
			children = (
				18555E571FC6063900C2293C /* SwiftAlgoStructs */,
				1843B2471FD1383900E9C7E3 /* PrincetonCoursera */,
				18902B741FD2AB79006830A5 /* RayAlgorithmsClub */,
				188760A71FC8962900567042 /* SwiftAlgoStructsTests */,
				18555E561FC6063900C2293C /* Products */,
			);
			sourceTree = "<group>";
		};
		18555E561FC6063900C2293C /* Products */ = {
			isa = PBXGroup;
			children = (
				18555E551FC6063900C2293C /* SwiftAlgoStructs.app */,
				188760A61FC8962900567042 /* SwiftAlgoStructsTests.xctest */,
				1843B2461FD1383900E9C7E3 /* PrincetonCoursera.framework */,
				18902B731FD2AB79006830A5 /* RayAlgorithmsClub.framework */,
			);
			name = Products;
			sourceTree = "<group>";
		};
		18555E571FC6063900C2293C /* SwiftAlgoStructs */ = {
			isa = PBXGroup;
			children = (
				18B2AC2B1FCAA5C400ECFF31 /* Queue */,
				18B2AC2E1FCAA96D00ECFF31 /* Stack */,
				18B2AC361FCAB11100ECFF31 /* Trie */,
				18B2AC371FCAB11900ECFF31 /* Linked List */,
				1836F8771FCBFA4F00794C9D /* BST */,
				182C113D1FCF1759001B462A /* Graph */,
				155940721FD14EEF00EFBDCD /* HashTable */,
				155940711FD14ECD00EFBDCD /* Protocols */,
				1559406E1FD14E9800EFBDCD /* Extensions */,
				18555E581FC6063900C2293C /* AppDelegate.swift */,
				18555E5A1FC6063900C2293C /* ViewController.swift */,
				18555E5C1FC6063900C2293C /* Main.storyboard */,
				18555E5F1FC6063900C2293C /* Assets.xcassets */,
				18555E611FC6063900C2293C /* LaunchScreen.storyboard */,
				18555E641FC6063900C2293C /* Info.plist */,
			);
			path = SwiftAlgoStructs;
			sourceTree = "<group>";
		};
		188760A71FC8962900567042 /* SwiftAlgoStructsTests */ = {
			isa = PBXGroup;
			children = (
				155940731FD1647100EFBDCD /* Enums.swift */,
				1843B25C1FD13F1800E9C7E3 /* Sortable.swift */,
				182C11481FCF3B8B001B462A /* GraphTest.swift */,
				15697DBB1FD003F500138108 /* HashTest.swift */,
				188760B01FC8965100567042 /* TrieTest.swift */,
				1836F8781FCC9BDA00794C9D /* BSTest.swift */,
				18B2AC381FCAB50E00ECFF31 /* QueueTest.swift */,
				18B2AC3E1FCAB9B200ECFF31 /* QueueTestSAC.swift */,
				1843B2551FD1387600E9C7E3 /* SortTest.swift */,
				1843B2571FD13DE800E9C7E3 /* SortPrincetonTest.swift */,
				18902B811FD2ACBB006830A5 /* SortRayTest.swift */,
				188760B21FC8984200567042 /* LinkedListTest.swift */,
				18B2AC311FCAAE2F00ECFF31 /* StackTest.swift */,
				18B2AC331FCAAFFE00ECFF31 /* StackTestBishop.swift */,
				188760AA1FC8962900567042 /* Info.plist */,
			);
			path = SwiftAlgoStructsTests;
			sourceTree = "<group>";
		};
		18902B741FD2AB79006830A5 /* RayAlgorithmsClub */ = {
			isa = PBXGroup;
			children = (
				18902B761FD2AB79006830A5 /* Info.plist */,
				18902B7F1FD2AB8E006830A5 /* Quicksort.swift */,
			);
			path = RayAlgorithmsClub;
			sourceTree = "<group>";
		};
		18B2AC2B1FCAA5C400ECFF31 /* Queue */ = {
			isa = PBXGroup;
			children = (
				18B2AC2C1FCAA5D700ECFF31 /* Queue.swift */,
				18AA03421FD3E52800B0E0BD /* Node.swift */,
			);
			path = Queue;
			sourceTree = "<group>";
		};
		18B2AC2E1FCAA96D00ECFF31 /* Stack */ = {
			isa = PBXGroup;
			children = (
				18B2AC2F1FCAA9CE00ECFF31 /* Stack.swift */,
			);
			path = Stack;
			sourceTree = "<group>";
		};
		18B2AC361FCAB11100ECFF31 /* Trie */ = {
			isa = PBXGroup;
			children = (
				1887609E1FC88B5900567042 /* Trie.swift */,
				188760A01FC894FB00567042 /* TrieNode.swift */,
			);
			path = Trie;
			sourceTree = "<group>";
		};
		18B2AC371FCAB11900ECFF31 /* Linked List */ = {
			isa = PBXGroup;
			children = (
				159F83AA1FC82607006D1845 /* LinkedList.swift */,
				18AA033F1FD3E2CC00B0E0BD /* LLNode.swift */,
			);
			path = "Linked List";
			sourceTree = "<group>";
		};
/* End PBXGroup section */

/* Begin PBXHeadersBuildPhase section */
		1843B2431FD1383900E9C7E3 /* Headers */ = {
			isa = PBXHeadersBuildPhase;
			buildActionMask = 2147483647;
			files = (
			);
			runOnlyForDeploymentPostprocessing = 0;
		};
		18902B701FD2AB79006830A5 /* Headers */ = {
			isa = PBXHeadersBuildPhase;
			buildActionMask = 2147483647;
			files = (
			);
			runOnlyForDeploymentPostprocessing = 0;
		};
/* End PBXHeadersBuildPhase section */

/* Begin PBXNativeTarget section */
		1843B2451FD1383900E9C7E3 /* PrincetonCoursera */ = {
			isa = PBXNativeTarget;
			buildConfigurationList = 1843B2511FD1383900E9C7E3 /* Build configuration list for PBXNativeTarget "PrincetonCoursera" */;
			buildPhases = (
				1843B2411FD1383900E9C7E3 /* Sources */,
				1843B2421FD1383900E9C7E3 /* Frameworks */,
				1843B2431FD1383900E9C7E3 /* Headers */,
				1843B2441FD1383900E9C7E3 /* Resources */,
			);
			buildRules = (
			);
			dependencies = (
			);
			name = PrincetonCoursera;
			productName = PrincetonCoursera;
			productReference = 1843B2461FD1383900E9C7E3 /* PrincetonCoursera.framework */;
			productType = "com.apple.product-type.framework";
		};
		18555E541FC6063900C2293C /* SwiftAlgoStructs */ = {
			isa = PBXNativeTarget;
			buildConfigurationList = 18555E671FC6063900C2293C /* Build configuration list for PBXNativeTarget "SwiftAlgoStructs" */;
			buildPhases = (
				18555E511FC6063900C2293C /* Sources */,
				18555E521FC6063900C2293C /* Frameworks */,
				18555E531FC6063900C2293C /* Resources */,
				1843B2521FD1383900E9C7E3 /* Embed Frameworks */,
			);
			buildRules = (
			);
			dependencies = (
				1843B24C1FD1383900E9C7E3 /* PBXTargetDependency */,
				18902B791FD2AB79006830A5 /* PBXTargetDependency */,
			);
			name = SwiftAlgoStructs;
			productName = SwiftAlgoStructs;
			productReference = 18555E551FC6063900C2293C /* SwiftAlgoStructs.app */;
			productType = "com.apple.product-type.application";
		};
		188760A51FC8962900567042 /* SwiftAlgoStructsTests */ = {
			isa = PBXNativeTarget;
			buildConfigurationList = 188760AD1FC8962900567042 /* Build configuration list for PBXNativeTarget "SwiftAlgoStructsTests" */;
			buildPhases = (
				188760A21FC8962900567042 /* Sources */,
				188760A31FC8962900567042 /* Frameworks */,
				188760A41FC8962900567042 /* Resources */,
			);
			buildRules = (
			);
			dependencies = (
				188760AC1FC8962900567042 /* PBXTargetDependency */,
			);
			name = SwiftAlgoStructsTests;
			productName = SwiftAlgoStructsTests;
			productReference = 188760A61FC8962900567042 /* SwiftAlgoStructsTests.xctest */;
			productType = "com.apple.product-type.bundle.unit-test";
		};
		18902B721FD2AB79006830A5 /* RayAlgorithmsClub */ = {
			isa = PBXNativeTarget;
			buildConfigurationList = 18902B7E1FD2AB79006830A5 /* Build configuration list for PBXNativeTarget "RayAlgorithmsClub" */;
			buildPhases = (
				18902B6E1FD2AB79006830A5 /* Sources */,
				18902B6F1FD2AB79006830A5 /* Frameworks */,
				18902B701FD2AB79006830A5 /* Headers */,
				18902B711FD2AB79006830A5 /* Resources */,
			);
			buildRules = (
			);
			dependencies = (
			);
			name = RayAlgorithmsClub;
			productName = RayAlgorithmsClub;
			productReference = 18902B731FD2AB79006830A5 /* RayAlgorithmsClub.framework */;
			productType = "com.apple.product-type.framework";
		};
/* End PBXNativeTarget section */

/* Begin PBXProject section */
		18555E4D1FC6063900C2293C /* Project object */ = {
			isa = PBXProject;
			attributes = {
				LastSwiftUpdateCheck = 0910;
				LastUpgradeCheck = 0910;
				ORGANIZATIONNAME = "Anton Novoselov";
				TargetAttributes = {
					1843B2451FD1383900E9C7E3 = {
						CreatedOnToolsVersion = 9.1;
						LastSwiftMigration = 0910;
						ProvisioningStyle = Automatic;
					};
					18555E541FC6063900C2293C = {
						CreatedOnToolsVersion = 9.1;
						ProvisioningStyle = Automatic;
					};
					188760A51FC8962900567042 = {
						CreatedOnToolsVersion = 9.1;
						ProvisioningStyle = Automatic;
						TestTargetID = 18555E541FC6063900C2293C;
					};
					18902B721FD2AB79006830A5 = {
						CreatedOnToolsVersion = 9.1;
						LastSwiftMigration = 0910;
						ProvisioningStyle = Automatic;
					};
				};
			};
			buildConfigurationList = 18555E501FC6063900C2293C /* Build configuration list for PBXProject "SwiftAlgoStructs" */;
			compatibilityVersion = "Xcode 8.0";
			developmentRegion = en;
			hasScannedForEncodings = 0;
			knownRegions = (
				en,
				Base,
			);
			mainGroup = 18555E4C1FC6063900C2293C;
			productRefGroup = 18555E561FC6063900C2293C /* Products */;
			projectDirPath = "";
			projectRoot = "";
			targets = (
				18555E541FC6063900C2293C /* SwiftAlgoStructs */,
				188760A51FC8962900567042 /* SwiftAlgoStructsTests */,
				1843B2451FD1383900E9C7E3 /* PrincetonCoursera */,
				18902B721FD2AB79006830A5 /* RayAlgorithmsClub */,
			);
		};
/* End PBXProject section */

/* Begin PBXResourcesBuildPhase section */
		1843B2441FD1383900E9C7E3 /* Resources */ = {
			isa = PBXResourcesBuildPhase;
			buildActionMask = 2147483647;
			files = (
			);
			runOnlyForDeploymentPostprocessing = 0;
		};
		18555E531FC6063900C2293C /* Resources */ = {
			isa = PBXResourcesBuildPhase;
			buildActionMask = 2147483647;
			files = (
				18555E631FC6063900C2293C /* LaunchScreen.storyboard in Resources */,
				18555E601FC6063900C2293C /* Assets.xcassets in Resources */,
				18555E5E1FC6063900C2293C /* Main.storyboard in Resources */,
			);
			runOnlyForDeploymentPostprocessing = 0;
		};
		188760A41FC8962900567042 /* Resources */ = {
			isa = PBXResourcesBuildPhase;
			buildActionMask = 2147483647;
			files = (
			);
			runOnlyForDeploymentPostprocessing = 0;
		};
		18902B711FD2AB79006830A5 /* Resources */ = {
			isa = PBXResourcesBuildPhase;
			buildActionMask = 2147483647;
			files = (
			);
			runOnlyForDeploymentPostprocessing = 0;
		};
/* End PBXResourcesBuildPhase section */

/* Begin PBXSourcesBuildPhase section */
		1843B2411FD1383900E9C7E3 /* Sources */ = {
			isa = PBXSourcesBuildPhase;
			buildActionMask = 2147483647;
			files = (
				18AA03411FD3E50600B0E0BD /* QueuePrinceton.swift in Sources */,
				18AA03441FD3E5AD00B0E0BD /* StackLinkedList.swift in Sources */,
				1843B2541FD1385A00E9C7E3 /* QuickSort.swift in Sources */,
			);
			runOnlyForDeploymentPostprocessing = 0;
		};
		18555E511FC6063900C2293C /* Sources */ = {
			isa = PBXSourcesBuildPhase;
			buildActionMask = 2147483647;
			files = (
				1887609F1FC88B5900567042 /* Trie.swift in Sources */,
				15697DB81FCFF6DA00138108 /* HashTable.swift in Sources */,
				182C11411FCF1B18001B462A /* Path.swift in Sources */,
				182C113C1FCF1737001B462A /* Edge.swift in Sources */,
				155940701FD14EAF00EFBDCD /* Keyable.swift in Sources */,
				15697DB61FCFF6B100138108 /* HashNode.swift in Sources */,
				15697DBE1FD0046700138108 /* Double+Keyable.swift in Sources */,
				18B2AC301FCAA9CE00ECFF31 /* Stack.swift in Sources */,
				15697DBA1FCFF8C100138108 /* String.swift in Sources */,
				18C55D3C1FCBECC700870A51 /* BSTree.swift in Sources */,
				188760A11FC894FB00567042 /* TrieNode.swift in Sources */,
				18AA03401FD3E2CC00B0E0BD /* LLNode.swift in Sources */,
				18AA03431FD3E52800B0E0BD /* Node.swift in Sources */,
				18B2AC2D1FCAA5D700ECFF31 /* Queue.swift in Sources */,
				182C11451FCF39CD001B462A /* Heap.swift in Sources */,
				182C11431FCF25DB001B462A /* PathHeap.swift in Sources */,
				182C113A1FCF16B9001B462A /* Vertex.swift in Sources */,
				182C113F1FCF177D001B462A /* Graph.swift in Sources */,
				18555E5B1FC6063900C2293C /* ViewController.swift in Sources */,
				159F83AB1FC82607006D1845 /* LinkedList.swift in Sources */,
				18902B691FD1BA1E006830A5 /* Array.swift in Sources */,
				18C55D3A1FCBEBB300870A51 /* BSNode.swift in Sources */,
				18555E591FC6063900C2293C /* AppDelegate.swift in Sources */,
			);
			runOnlyForDeploymentPostprocessing = 0;
		};
		188760A21FC8962900567042 /* Sources */ = {
			isa = PBXSourcesBuildPhase;
			buildActionMask = 2147483647;
			files = (
				15697DBC1FD003F500138108 /* HashTest.swift in Sources */,
				1843B2561FD1387600E9C7E3 /* SortTest.swift in Sources */,
				188760B31FC8984200567042 /* LinkedListTest.swift in Sources */,
				188760B11FC8965100567042 /* TrieTest.swift in Sources */,
				1843B2581FD13DE800E9C7E3 /* SortPrincetonTest.swift in Sources */,
				1843B25D1FD13F1800E9C7E3 /* Sortable.swift in Sources */,
				18B2AC321FCAAE2F00ECFF31 /* StackTest.swift in Sources */,
				155940741FD1647100EFBDCD /* Enums.swift in Sources */,
				18902B821FD2ACBB006830A5 /* SortRayTest.swift in Sources */,
				1836F8791FCC9BDA00794C9D /* BSTest.swift in Sources */,
				182C114A1FCF3BB1001B462A /* GraphTest.swift in Sources */,
				18B2AC341FCAAFFE00ECFF31 /* StackTestBishop.swift in Sources */,
				18B2AC391FCAB50E00ECFF31 /* QueueTest.swift in Sources */,
				18B2AC3F1FCAB9B200ECFF31 /* QueueTestSAC.swift in Sources */,
			);
			runOnlyForDeploymentPostprocessing = 0;
		};
		18902B6E1FD2AB79006830A5 /* Sources */ = {
			isa = PBXSourcesBuildPhase;
			buildActionMask = 2147483647;
			files = (
				18902B801FD2AB8E006830A5 /* Quicksort.swift in Sources */,
			);
			runOnlyForDeploymentPostprocessing = 0;
		};
/* End PBXSourcesBuildPhase section */

/* Begin PBXTargetDependency section */
		1843B24C1FD1383900E9C7E3 /* PBXTargetDependency */ = {
			isa = PBXTargetDependency;
			target = 1843B2451FD1383900E9C7E3 /* PrincetonCoursera */;
			targetProxy = 1843B24B1FD1383900E9C7E3 /* PBXContainerItemProxy */;
		};
		188760AC1FC8962900567042 /* PBXTargetDependency */ = {
			isa = PBXTargetDependency;
			target = 18555E541FC6063900C2293C /* SwiftAlgoStructs */;
			targetProxy = 188760AB1FC8962900567042 /* PBXContainerItemProxy */;
		};
		18902B791FD2AB79006830A5 /* PBXTargetDependency */ = {
			isa = PBXTargetDependency;
			target = 18902B721FD2AB79006830A5 /* RayAlgorithmsClub */;
			targetProxy = 18902B781FD2AB79006830A5 /* PBXContainerItemProxy */;
		};
/* End PBXTargetDependency section */

/* Begin PBXVariantGroup section */
		18555E5C1FC6063900C2293C /* Main.storyboard */ = {
			isa = PBXVariantGroup;
			children = (
				18555E5D1FC6063900C2293C /* Base */,
			);
			name = Main.storyboard;
			sourceTree = "<group>";
		};
		18555E611FC6063900C2293C /* LaunchScreen.storyboard */ = {
			isa = PBXVariantGroup;
			children = (
				18555E621FC6063900C2293C /* Base */,
			);
			name = LaunchScreen.storyboard;
			sourceTree = "<group>";
		};
/* End PBXVariantGroup section */

/* Begin XCBuildConfiguration section */
		1843B24F1FD1383900E9C7E3 /* Debug */ = {
			isa = XCBuildConfiguration;
			buildSettings = {
				CLANG_ENABLE_MODULES = YES;
				CODE_SIGN_IDENTITY = "";
				CODE_SIGN_STYLE = Automatic;
				CURRENT_PROJECT_VERSION = 1;
				DEFINES_MODULE = YES;
				DEVELOPMENT_TEAM = 358V8FBM3U;
				DYLIB_COMPATIBILITY_VERSION = 1;
				DYLIB_CURRENT_VERSION = 1;
				DYLIB_INSTALL_NAME_BASE = "@rpath";
				INFOPLIST_FILE = PrincetonCoursera/Info.plist;
				INSTALL_PATH = "$(LOCAL_LIBRARY_DIR)/Frameworks";
				LD_RUNPATH_SEARCH_PATHS = "$(inherited) @executable_path/Frameworks @loader_path/Frameworks";
				PRODUCT_BUNDLE_IDENTIFIER = com.antonnovoselov.PrincetonCoursera;
				PRODUCT_NAME = "$(TARGET_NAME:c99extidentifier)";
				SKIP_INSTALL = YES;
				SWIFT_OPTIMIZATION_LEVEL = "-Onone";
				SWIFT_VERSION = 4.0;
				TARGETED_DEVICE_FAMILY = "1,2";
				VERSIONING_SYSTEM = "apple-generic";
				VERSION_INFO_PREFIX = "";
			};
			name = Debug;
		};
		1843B2501FD1383900E9C7E3 /* Release */ = {
			isa = XCBuildConfiguration;
			buildSettings = {
				CLANG_ENABLE_MODULES = YES;
				CODE_SIGN_IDENTITY = "";
				CODE_SIGN_STYLE = Automatic;
				CURRENT_PROJECT_VERSION = 1;
				DEFINES_MODULE = YES;
				DEVELOPMENT_TEAM = 358V8FBM3U;
				DYLIB_COMPATIBILITY_VERSION = 1;
				DYLIB_CURRENT_VERSION = 1;
				DYLIB_INSTALL_NAME_BASE = "@rpath";
				INFOPLIST_FILE = PrincetonCoursera/Info.plist;
				INSTALL_PATH = "$(LOCAL_LIBRARY_DIR)/Frameworks";
				LD_RUNPATH_SEARCH_PATHS = "$(inherited) @executable_path/Frameworks @loader_path/Frameworks";
				PRODUCT_BUNDLE_IDENTIFIER = com.antonnovoselov.PrincetonCoursera;
				PRODUCT_NAME = "$(TARGET_NAME:c99extidentifier)";
				SKIP_INSTALL = YES;
				SWIFT_VERSION = 4.0;
				TARGETED_DEVICE_FAMILY = "1,2";
				VERSIONING_SYSTEM = "apple-generic";
				VERSION_INFO_PREFIX = "";
			};
			name = Release;
		};
		18555E651FC6063900C2293C /* Debug */ = {
			isa = XCBuildConfiguration;
			buildSettings = {
				ALWAYS_SEARCH_USER_PATHS = NO;
				CLANG_ANALYZER_NONNULL = YES;
				CLANG_ANALYZER_NUMBER_OBJECT_CONVERSION = YES_AGGRESSIVE;
				CLANG_CXX_LANGUAGE_STANDARD = "gnu++14";
				CLANG_CXX_LIBRARY = "libc++";
				CLANG_ENABLE_MODULES = YES;
				CLANG_ENABLE_OBJC_ARC = YES;
				CLANG_WARN_BLOCK_CAPTURE_AUTORELEASING = YES;
				CLANG_WARN_BOOL_CONVERSION = YES;
				CLANG_WARN_COMMA = YES;
				CLANG_WARN_CONSTANT_CONVERSION = YES;
				CLANG_WARN_DIRECT_OBJC_ISA_USAGE = YES_ERROR;
				CLANG_WARN_DOCUMENTATION_COMMENTS = YES;
				CLANG_WARN_EMPTY_BODY = YES;
				CLANG_WARN_ENUM_CONVERSION = YES;
				CLANG_WARN_INFINITE_RECURSION = YES;
				CLANG_WARN_INT_CONVERSION = YES;
				CLANG_WARN_NON_LITERAL_NULL_CONVERSION = YES;
				CLANG_WARN_OBJC_LITERAL_CONVERSION = YES;
				CLANG_WARN_OBJC_ROOT_CLASS = YES_ERROR;
				CLANG_WARN_RANGE_LOOP_ANALYSIS = YES;
				CLANG_WARN_STRICT_PROTOTYPES = YES;
				CLANG_WARN_SUSPICIOUS_MOVE = YES;
				CLANG_WARN_UNGUARDED_AVAILABILITY = YES_AGGRESSIVE;
				CLANG_WARN_UNREACHABLE_CODE = YES;
				CLANG_WARN__DUPLICATE_METHOD_MATCH = YES;
				CODE_SIGN_IDENTITY = "iPhone Developer";
				COPY_PHASE_STRIP = NO;
				DEBUG_INFORMATION_FORMAT = dwarf;
				ENABLE_STRICT_OBJC_MSGSEND = YES;
				ENABLE_TESTABILITY = YES;
				GCC_C_LANGUAGE_STANDARD = gnu11;
				GCC_DYNAMIC_NO_PIC = NO;
				GCC_NO_COMMON_BLOCKS = YES;
				GCC_OPTIMIZATION_LEVEL = 0;
				GCC_PREPROCESSOR_DEFINITIONS = (
					"DEBUG=1",
					"$(inherited)",
				);
				GCC_WARN_64_TO_32_BIT_CONVERSION = YES;
				GCC_WARN_ABOUT_RETURN_TYPE = YES_ERROR;
				GCC_WARN_UNDECLARED_SELECTOR = YES;
				GCC_WARN_UNINITIALIZED_AUTOS = YES_AGGRESSIVE;
				GCC_WARN_UNUSED_FUNCTION = YES;
				GCC_WARN_UNUSED_VARIABLE = YES;
				IPHONEOS_DEPLOYMENT_TARGET = 11.1;
				MTL_ENABLE_DEBUG_INFO = YES;
				ONLY_ACTIVE_ARCH = YES;
				SDKROOT = iphoneos;
				SWIFT_ACTIVE_COMPILATION_CONDITIONS = DEBUG;
				SWIFT_OPTIMIZATION_LEVEL = "-Onone";
			};
			name = Debug;
		};
		18555E661FC6063900C2293C /* Release */ = {
			isa = XCBuildConfiguration;
			buildSettings = {
				ALWAYS_SEARCH_USER_PATHS = NO;
				CLANG_ANALYZER_NONNULL = YES;
				CLANG_ANALYZER_NUMBER_OBJECT_CONVERSION = YES_AGGRESSIVE;
				CLANG_CXX_LANGUAGE_STANDARD = "gnu++14";
				CLANG_CXX_LIBRARY = "libc++";
				CLANG_ENABLE_MODULES = YES;
				CLANG_ENABLE_OBJC_ARC = YES;
				CLANG_WARN_BLOCK_CAPTURE_AUTORELEASING = YES;
				CLANG_WARN_BOOL_CONVERSION = YES;
				CLANG_WARN_COMMA = YES;
				CLANG_WARN_CONSTANT_CONVERSION = YES;
				CLANG_WARN_DIRECT_OBJC_ISA_USAGE = YES_ERROR;
				CLANG_WARN_DOCUMENTATION_COMMENTS = YES;
				CLANG_WARN_EMPTY_BODY = YES;
				CLANG_WARN_ENUM_CONVERSION = YES;
				CLANG_WARN_INFINITE_RECURSION = YES;
				CLANG_WARN_INT_CONVERSION = YES;
				CLANG_WARN_NON_LITERAL_NULL_CONVERSION = YES;
				CLANG_WARN_OBJC_LITERAL_CONVERSION = YES;
				CLANG_WARN_OBJC_ROOT_CLASS = YES_ERROR;
				CLANG_WARN_RANGE_LOOP_ANALYSIS = YES;
				CLANG_WARN_STRICT_PROTOTYPES = YES;
				CLANG_WARN_SUSPICIOUS_MOVE = YES;
				CLANG_WARN_UNGUARDED_AVAILABILITY = YES_AGGRESSIVE;
				CLANG_WARN_UNREACHABLE_CODE = YES;
				CLANG_WARN__DUPLICATE_METHOD_MATCH = YES;
				CODE_SIGN_IDENTITY = "iPhone Developer";
				COPY_PHASE_STRIP = NO;
				DEBUG_INFORMATION_FORMAT = "dwarf-with-dsym";
				ENABLE_NS_ASSERTIONS = NO;
				ENABLE_STRICT_OBJC_MSGSEND = YES;
				GCC_C_LANGUAGE_STANDARD = gnu11;
				GCC_NO_COMMON_BLOCKS = YES;
				GCC_WARN_64_TO_32_BIT_CONVERSION = YES;
				GCC_WARN_ABOUT_RETURN_TYPE = YES_ERROR;
				GCC_WARN_UNDECLARED_SELECTOR = YES;
				GCC_WARN_UNINITIALIZED_AUTOS = YES_AGGRESSIVE;
				GCC_WARN_UNUSED_FUNCTION = YES;
				GCC_WARN_UNUSED_VARIABLE = YES;
				IPHONEOS_DEPLOYMENT_TARGET = 11.1;
				MTL_ENABLE_DEBUG_INFO = NO;
				SDKROOT = iphoneos;
				SWIFT_OPTIMIZATION_LEVEL = "-Owholemodule";
				VALIDATE_PRODUCT = YES;
			};
			name = Release;
		};
		18555E681FC6063900C2293C /* Debug */ = {
			isa = XCBuildConfiguration;
			buildSettings = {
				ALWAYS_EMBED_SWIFT_STANDARD_LIBRARIES = YES;
				ASSETCATALOG_COMPILER_APPICON_NAME = AppIcon;
				CODE_SIGN_STYLE = Automatic;
				DEVELOPMENT_TEAM = 358V8FBM3U;
				INFOPLIST_FILE = SwiftAlgoStructs/Info.plist;
				LD_RUNPATH_SEARCH_PATHS = "$(inherited) @executable_path/Frameworks";
				PRODUCT_BUNDLE_IDENTIFIER = com.antonnovoselov.SwiftAlgoStructs;
				PRODUCT_NAME = "$(TARGET_NAME)";
				SWIFT_VERSION = 4.0;
				TARGETED_DEVICE_FAMILY = "1,2";
			};
			name = Debug;
		};
		18555E691FC6063900C2293C /* Release */ = {
			isa = XCBuildConfiguration;
			buildSettings = {
				ALWAYS_EMBED_SWIFT_STANDARD_LIBRARIES = YES;
				ASSETCATALOG_COMPILER_APPICON_NAME = AppIcon;
				CODE_SIGN_STYLE = Automatic;
				DEVELOPMENT_TEAM = 358V8FBM3U;
				INFOPLIST_FILE = SwiftAlgoStructs/Info.plist;
				LD_RUNPATH_SEARCH_PATHS = "$(inherited) @executable_path/Frameworks";
				PRODUCT_BUNDLE_IDENTIFIER = com.antonnovoselov.SwiftAlgoStructs;
				PRODUCT_NAME = "$(TARGET_NAME)";
				SWIFT_VERSION = 4.0;
				TARGETED_DEVICE_FAMILY = "1,2";
			};
			name = Release;
		};
		188760AE1FC8962900567042 /* Debug */ = {
			isa = XCBuildConfiguration;
			buildSettings = {
				BUNDLE_LOADER = "$(TEST_HOST)";
				CODE_SIGN_STYLE = Automatic;
				DEVELOPMENT_TEAM = 358V8FBM3U;
				INFOPLIST_FILE = SwiftAlgoStructsTests/Info.plist;
				LD_RUNPATH_SEARCH_PATHS = "$(inherited) @executable_path/Frameworks @loader_path/Frameworks";
				PRODUCT_BUNDLE_IDENTIFIER = com.antonnovoselov.SwiftAlgoStructsTests;
				PRODUCT_NAME = "$(TARGET_NAME)";
				SWIFT_VERSION = 4.0;
				TARGETED_DEVICE_FAMILY = "1,2";
				TEST_HOST = "$(BUILT_PRODUCTS_DIR)/SwiftAlgoStructs.app/SwiftAlgoStructs";
			};
			name = Debug;
		};
		188760AF1FC8962900567042 /* Release */ = {
			isa = XCBuildConfiguration;
			buildSettings = {
				BUNDLE_LOADER = "$(TEST_HOST)";
				CODE_SIGN_STYLE = Automatic;
				DEVELOPMENT_TEAM = 358V8FBM3U;
				INFOPLIST_FILE = SwiftAlgoStructsTests/Info.plist;
				LD_RUNPATH_SEARCH_PATHS = "$(inherited) @executable_path/Frameworks @loader_path/Frameworks";
				PRODUCT_BUNDLE_IDENTIFIER = com.antonnovoselov.SwiftAlgoStructsTests;
				PRODUCT_NAME = "$(TARGET_NAME)";
				SWIFT_VERSION = 4.0;
				TARGETED_DEVICE_FAMILY = "1,2";
				TEST_HOST = "$(BUILT_PRODUCTS_DIR)/SwiftAlgoStructs.app/SwiftAlgoStructs";
			};
			name = Release;
		};
		18902B7C1FD2AB79006830A5 /* Debug */ = {
			isa = XCBuildConfiguration;
			buildSettings = {
				CLANG_ENABLE_MODULES = YES;
				CODE_SIGN_IDENTITY = "";
				CODE_SIGN_STYLE = Automatic;
				CURRENT_PROJECT_VERSION = 1;
				DEFINES_MODULE = YES;
				DEVELOPMENT_TEAM = 358V8FBM3U;
				DYLIB_COMPATIBILITY_VERSION = 1;
				DYLIB_CURRENT_VERSION = 1;
				DYLIB_INSTALL_NAME_BASE = "@rpath";
				INFOPLIST_FILE = RayAlgorithmsClub/Info.plist;
				INSTALL_PATH = "$(LOCAL_LIBRARY_DIR)/Frameworks";
				LD_RUNPATH_SEARCH_PATHS = "$(inherited) @executable_path/Frameworks @loader_path/Frameworks";
				PRODUCT_BUNDLE_IDENTIFIER = com.antonnovoselov.RayAlgorithmsClub;
				PRODUCT_NAME = "$(TARGET_NAME:c99extidentifier)";
				SKIP_INSTALL = YES;
				SWIFT_OPTIMIZATION_LEVEL = "-Onone";
				SWIFT_VERSION = 4.0;
				TARGETED_DEVICE_FAMILY = "1,2";
				VERSIONING_SYSTEM = "apple-generic";
				VERSION_INFO_PREFIX = "";
			};
			name = Debug;
		};
		18902B7D1FD2AB79006830A5 /* Release */ = {
			isa = XCBuildConfiguration;
			buildSettings = {
				CLANG_ENABLE_MODULES = YES;
				CODE_SIGN_IDENTITY = "";
				CODE_SIGN_STYLE = Automatic;
				CURRENT_PROJECT_VERSION = 1;
				DEFINES_MODULE = YES;
				DEVELOPMENT_TEAM = 358V8FBM3U;
				DYLIB_COMPATIBILITY_VERSION = 1;
				DYLIB_CURRENT_VERSION = 1;
				DYLIB_INSTALL_NAME_BASE = "@rpath";
				INFOPLIST_FILE = RayAlgorithmsClub/Info.plist;
				INSTALL_PATH = "$(LOCAL_LIBRARY_DIR)/Frameworks";
				LD_RUNPATH_SEARCH_PATHS = "$(inherited) @executable_path/Frameworks @loader_path/Frameworks";
				PRODUCT_BUNDLE_IDENTIFIER = com.antonnovoselov.RayAlgorithmsClub;
				PRODUCT_NAME = "$(TARGET_NAME:c99extidentifier)";
				SKIP_INSTALL = YES;
				SWIFT_VERSION = 4.0;
				TARGETED_DEVICE_FAMILY = "1,2";
				VERSIONING_SYSTEM = "apple-generic";
				VERSION_INFO_PREFIX = "";
			};
			name = Release;
		};
/* End XCBuildConfiguration section */

/* Begin XCConfigurationList section */
		1843B2511FD1383900E9C7E3 /* Build configuration list for PBXNativeTarget "PrincetonCoursera" */ = {
			isa = XCConfigurationList;
			buildConfigurations = (
				1843B24F1FD1383900E9C7E3 /* Debug */,
				1843B2501FD1383900E9C7E3 /* Release */,
			);
			defaultConfigurationIsVisible = 0;
			defaultConfigurationName = Release;
		};
		18555E501FC6063900C2293C /* Build configuration list for PBXProject "SwiftAlgoStructs" */ = {
			isa = XCConfigurationList;
			buildConfigurations = (
				18555E651FC6063900C2293C /* Debug */,
				18555E661FC6063900C2293C /* Release */,
			);
			defaultConfigurationIsVisible = 0;
			defaultConfigurationName = Release;
		};
		18555E671FC6063900C2293C /* Build configuration list for PBXNativeTarget "SwiftAlgoStructs" */ = {
			isa = XCConfigurationList;
			buildConfigurations = (
				18555E681FC6063900C2293C /* Debug */,
				18555E691FC6063900C2293C /* Release */,
			);
			defaultConfigurationIsVisible = 0;
			defaultConfigurationName = Release;
		};
		188760AD1FC8962900567042 /* Build configuration list for PBXNativeTarget "SwiftAlgoStructsTests" */ = {
			isa = XCConfigurationList;
			buildConfigurations = (
				188760AE1FC8962900567042 /* Debug */,
				188760AF1FC8962900567042 /* Release */,
			);
			defaultConfigurationIsVisible = 0;
			defaultConfigurationName = Release;
		};
		18902B7E1FD2AB79006830A5 /* Build configuration list for PBXNativeTarget "RayAlgorithmsClub" */ = {
			isa = XCConfigurationList;
			buildConfigurations = (
				18902B7C1FD2AB79006830A5 /* Debug */,
				18902B7D1FD2AB79006830A5 /* Release */,
			);
			defaultConfigurationIsVisible = 0;
			defaultConfigurationName = Release;
		};
/* End XCConfigurationList section */
	};
	rootObject = 18555E4D1FC6063900C2293C /* Project object */;
}
